
Microsoft Visual Studio Solution File, Format Version 12.00
# Visual Studio Version 17
VisualStudioVersion = 17.0.31903.59
MinimumVisualStudioVersion = 10.0.40219.1
Project("{2150E333-8FDC-42A3-9474-1A3956D46DE8}") = "src", "src", "{827E0CD3-B72D-47B6-A68D-7590B98EB39B}"
EndProject
Project("{FAE04EC0-301F-11D3-BF4B-00C04F79EFBC}") = "Bla.Domain", "src\Bla.Domain\Bla.Domain.csproj", "{4D81D68B-B13F-43C4-BC6C-7E20C22BE5F0}"
EndProject
Project("{FAE04EC0-301F-11D3-BF4B-00C04F79EFBC}") = "Bla.Application", "src\Bla.Application\Bla.Application.csproj", "{CD1F688D-AE9F-4203-9BAB-61D98F4BAC20}"
EndProject
Project("{FAE04EC0-301F-11D3-BF4B-00C04F79EFBC}") = "Bla.Infrastructure", "src\Bla.Infrastructure\Bla.Infrastructure.csproj", "{A6391F31-C85E-4F42-95E0-234C5962CB7B}"
EndProject
Project("{FAE04EC0-301F-11D3-BF4B-00C04F79EFBC}") = "Bla.Api", "src\Bla.Api\Bla.Api.csproj", "{4F450110-002C-4C54-B3C2-D8FB7C586411}"
EndProject
Project("{2150E333-8FDC-42A3-9474-1A3956D46DE8}") = "tests", "tests", "{0AB3BF05-4346-4AA6-1389-037BE0695223}"
EndProject
Project("{FAE04EC0-301F-11D3-BF4B-00C04F79EFBC}") = "Bla.Application.Tests", "tests\Bla.Application.Tests\Bla.Application.Tests.csproj", "{A6491E26-E93D-42A8-AE43-E8C71AB32F30}"
EndProject
Project("{FAE04EC0-301F-11D3-BF4B-00C04F79EFBC}") = "Bla.Api.IntegrationTests", "tests\Bla.Api.IntegrationTests\Bla.Api.IntegrationTests.csproj", "{A263A6FF-2883-43C9-9531-AADAD11AF689}"
EndProject
Global
	GlobalSection(SolutionConfigurationPlatforms) = preSolution
		Debug|Any CPU = Debug|Any CPU
		Debug|x64 = Debug|x64
		Debug|x86 = Debug|x86
		Release|Any CPU = Release|Any CPU
		Release|x64 = Release|x64
		Release|x86 = Release|x86
	EndGlobalSection
	GlobalSection(ProjectConfigurationPlatforms) = postSolution
		{4D81D68B-B13F-43C4-BC6C-7E20C22BE5F0}.Debug|Any CPU.ActiveCfg = Debug|Any CPU
		{4D81D68B-B13F-43C4-BC6C-7E20C22BE5F0}.Debug|Any CPU.Build.0 = Debug|Any CPU
		{4D81D68B-B13F-43C4-BC6C-7E20C22BE5F0}.Debug|x64.ActiveCfg = Debug|Any CPU
		{4D81D68B-B13F-43C4-BC6C-7E20C22BE5F0}.Debug|x64.Build.0 = Debug|Any CPU
		{4D81D68B-B13F-43C4-BC6C-7E20C22BE5F0}.Debug|x86.ActiveCfg = Debug|Any CPU
		{4D81D68B-B13F-43C4-BC6C-7E20C22BE5F0}.Debug|x86.Build.0 = Debug|Any CPU
		{4D81D68B-B13F-43C4-BC6C-7E20C22BE5F0}.Release|Any CPU.ActiveCfg = Release|Any CPU
		{4D81D68B-B13F-43C4-BC6C-7E20C22BE5F0}.Release|Any CPU.Build.0 = Release|Any CPU
		{4D81D68B-B13F-43C4-BC6C-7E20C22BE5F0}.Release|x64.ActiveCfg = Release|Any CPU
		{4D81D68B-B13F-43C4-BC6C-7E20C22BE5F0}.Release|x64.Build.0 = Release|Any CPU
		{4D81D68B-B13F-43C4-BC6C-7E20C22BE5F0}.Release|x86.ActiveCfg = Release|Any CPU
		{4D81D68B-B13F-43C4-BC6C-7E20C22BE5F0}.Release|x86.Build.0 = Release|Any CPU
		{CD1F688D-AE9F-4203-9BAB-61D98F4BAC20}.Debug|Any CPU.ActiveCfg = Debug|Any CPU
		{CD1F688D-AE9F-4203-9BAB-61D98F4BAC20}.Debug|Any CPU.Build.0 = Debug|Any CPU
		{CD1F688D-AE9F-4203-9BAB-61D98F4BAC20}.Debug|x64.ActiveCfg = Debug|Any CPU
		{CD1F688D-AE9F-4203-9BAB-61D98F4BAC20}.Debug|x64.Build.0 = Debug|Any CPU
		{CD1F688D-AE9F-4203-9BAB-61D98F4BAC20}.Debug|x86.ActiveCfg = Debug|Any CPU
		{CD1F688D-AE9F-4203-9BAB-61D98F4BAC20}.Debug|x86.Build.0 = Debug|Any CPU
		{CD1F688D-AE9F-4203-9BAB-61D98F4BAC20}.Release|Any CPU.ActiveCfg = Release|Any CPU
		{CD1F688D-AE9F-4203-9BAB-61D98F4BAC20}.Release|Any CPU.Build.0 = Release|Any CPU
		{CD1F688D-AE9F-4203-9BAB-61D98F4BAC20}.Release|x64.ActiveCfg = Release|Any CPU
		{CD1F688D-AE9F-4203-9BAB-61D98F4BAC20}.Release|x64.Build.0 = Release|Any CPU
		{CD1F688D-AE9F-4203-9BAB-61D98F4BAC20}.Release|x86.ActiveCfg = Release|Any CPU
		{CD1F688D-AE9F-4203-9BAB-61D98F4BAC20}.Release|x86.Build.0 = Release|Any CPU
		{A6391F31-C85E-4F42-95E0-234C5962CB7B}.Debug|Any CPU.ActiveCfg = Debug|Any CPU
		{A6391F31-C85E-4F42-95E0-234C5962CB7B}.Debug|Any CPU.Build.0 = Debug|Any CPU
		{A6391F31-C85E-4F42-95E0-234C5962CB7B}.Debug|x64.ActiveCfg = Debug|Any CPU
		{A6391F31-C85E-4F42-95E0-234C5962CB7B}.Debug|x64.Build.0 = Debug|Any CPU
		{A6391F31-C85E-4F42-95E0-234C5962CB7B}.Debug|x86.ActiveCfg = Debug|Any CPU
		{A6391F31-C85E-4F42-95E0-234C5962CB7B}.Debug|x86.Build.0 = Debug|Any CPU
		{A6391F31-C85E-4F42-95E0-234C5962CB7B}.Release|Any CPU.ActiveCfg = Release|Any CPU
		{A6391F31-C85E-4F42-95E0-234C5962CB7B}.Release|Any CPU.Build.0 = Release|Any CPU
		{A6391F31-C85E-4F42-95E0-234C5962CB7B}.Release|x64.ActiveCfg = Release|Any CPU
		{A6391F31-C85E-4F42-95E0-234C5962CB7B}.Release|x64.Build.0 = Release|Any CPU
		{A6391F31-C85E-4F42-95E0-234C5962CB7B}.Release|x86.ActiveCfg = Release|Any CPU
		{A6391F31-C85E-4F42-95E0-234C5962CB7B}.Release|x86.Build.0 = Release|Any CPU
		{4F450110-002C-4C54-B3C2-D8FB7C586411}.Debug|Any CPU.ActiveCfg = Debug|Any CPU
		{4F450110-002C-4C54-B3C2-D8FB7C586411}.Debug|Any CPU.Build.0 = Debug|Any CPU
		{4F450110-002C-4C54-B3C2-D8FB7C586411}.Debug|x64.ActiveCfg = Debug|Any CPU
		{4F450110-002C-4C54-B3C2-D8FB7C586411}.Debug|x64.Build.0 = Debug|Any CPU
		{4F450110-002C-4C54-B3C2-D8FB7C586411}.Debug|x86.ActiveCfg = Debug|Any CPU
		{4F450110-002C-4C54-B3C2-D8FB7C586411}.Debug|x86.Build.0 = Debug|Any CPU
		{4F450110-002C-4C54-B3C2-D8FB7C586411}.Release|Any CPU.ActiveCfg = Release|Any CPU
		{4F450110-002C-4C54-B3C2-D8FB7C586411}.Release|Any CPU.Build.0 = Release|Any CPU
		{4F450110-002C-4C54-B3C2-D8FB7C586411}.Release|x64.ActiveCfg = Release|Any CPU
		{4F450110-002C-4C54-B3C2-D8FB7C586411}.Release|x64.Build.0 = Release|Any CPU
		{4F450110-002C-4C54-B3C2-D8FB7C586411}.Release|x86.ActiveCfg = Release|Any CPU
		{4F450110-002C-4C54-B3C2-D8FB7C586411}.Release|x86.Build.0 = Release|Any CPU
		{A6491E26-E93D-42A8-AE43-E8C71AB32F30}.Debug|Any CPU.ActiveCfg = Debug|Any CPU
		{A6491E26-E93D-42A8-AE43-E8C71AB32F30}.Debug|Any CPU.Build.0 = Debug|Any CPU
		{A6491E26-E93D-42A8-AE43-E8C71AB32F30}.Debug|x64.ActiveCfg = Debug|Any CPU
		{A6491E26-E93D-42A8-AE43-E8C71AB32F30}.Debug|x64.Build.0 = Debug|Any CPU
		{A6491E26-E93D-42A8-AE43-E8C71AB32F30}.Debug|x86.ActiveCfg = Debug|Any CPU
		{A6491E26-E93D-42A8-AE43-E8C71AB32F30}.Debug|x86.Build.0 = Debug|Any CPU
		{A6491E26-E93D-42A8-AE43-E8C71AB32F30}.Release|Any CPU.ActiveCfg = Release|Any CPU
		{A6491E26-E93D-42A8-AE43-E8C71AB32F30}.Release|Any CPU.Build.0 = Release|Any CPU
		{A6491E26-E93D-42A8-AE43-E8C71AB32F30}.Release|x64.ActiveCfg = Release|Any CPU
		{A6491E26-E93D-42A8-AE43-E8C71AB32F30}.Release|x64.Build.0 = Release|Any CPU
		{A6491E26-E93D-42A8-AE43-E8C71AB32F30}.Release|x86.ActiveCfg = Release|Any CPU
		{A6491E26-E93D-42A8-AE43-E8C71AB32F30}.Release|x86.Build.0 = Release|Any CPU
		{A263A6FF-2883-43C9-9531-AADAD11AF689}.Debug|Any CPU.ActiveCfg = Debug|Any CPU
		{A263A6FF-2883-43C9-9531-AADAD11AF689}.Debug|Any CPU.Build.0 = Debug|Any CPU
		{A263A6FF-2883-43C9-9531-AADAD11AF689}.Debug|x64.ActiveCfg = Debug|Any CPU
		{A263A6FF-2883-43C9-9531-AADAD11AF689}.Debug|x64.Build.0 = Debug|Any CPU
		{A263A6FF-2883-43C9-9531-AADAD11AF689}.Debug|x86.ActiveCfg = Debug|Any CPU
		{A263A6FF-2883-43C9-9531-AADAD11AF689}.Debug|x86.Build.0 = Debug|Any CPU
		{A263A6FF-2883-43C9-9531-AADAD11AF689}.Release|Any CPU.ActiveCfg = Release|Any CPU
		{A263A6FF-2883-43C9-9531-AADAD11AF689}.Release|Any CPU.Build.0 = Release|Any CPU
		{A263A6FF-2883-43C9-9531-AADAD11AF689}.Release|x64.ActiveCfg = Release|Any CPU
		{A263A6FF-2883-43C9-9531-AADAD11AF689}.Release|x64.Build.0 = Release|Any CPU
		{A263A6FF-2883-43C9-9531-AADAD11AF689}.Release|x86.ActiveCfg = Release|Any CPU
		{A263A6FF-2883-43C9-9531-AADAD11AF689}.Release|x86.Build.0 = Release|Any CPU
	EndGlobalSection
	GlobalSection(SolutionProperties) = preSolution
		HideSolutionNode = FALSE
	EndGlobalSection
	GlobalSection(NestedProjects) = preSolution
		{4D81D68B-B13F-43C4-BC6C-7E20C22BE5F0} = {827E0CD3-B72D-47B6-A68D-7590B98EB39B}
		{CD1F688D-AE9F-4203-9BAB-61D98F4BAC20} = {827E0CD3-B72D-47B6-A68D-7590B98EB39B}
		{A6391F31-C85E-4F42-95E0-234C5962CB7B} = {827E0CD3-B72D-47B6-A68D-7590B98EB39B}
		{4F450110-002C-4C54-B3C2-D8FB7C586411} = {827E0CD3-B72D-47B6-A68D-7590B98EB39B}
		{A6491E26-E93D-42A8-AE43-E8C71AB32F30} = {0AB3BF05-4346-4AA6-1389-037BE0695223}
		{A263A6FF-2883-43C9-9531-AADAD11AF689} = {0AB3BF05-4346-4AA6-1389-037BE0695223}
	EndGlobalSection
EndGlobal
